
Microsoft Visual Studio Solution File, Format Version 12.00
# Visual Studio Version 17
VisualStudioVersion = 17.8.34322.80
MinimumVisualStudioVersion = 10.0.40219.1
Project("{9A19103F-16F7-4668-BE54-9A1E7A4F7556}") = "GulDiyet", "GulDiyet\GulDiyet.csproj", "{DB4424FB-7A36-4C14-8B22-291F6C2A691D}"
EndProject
Project("{9A19103F-16F7-4668-BE54-9A1E7A4F7556}") = "GulDiyet.Core.Application", "GulDiyet.Core.Application\GulDiyet.Core.Application.csproj", "{A3B1519D-04BA-48A4-ABC5-DA59803934E3}"
EndProject
Project("{9A19103F-16F7-4668-BE54-9A1E7A4F7556}") = "GulDiyet.Core.Domain", "GulDiyet.Core.Domain\GulDiyet.Core.Domain.csproj", "{9F8794F2-7ECC-4B97-82A1-BFAAD4A30A76}"
EndProject
Project("{9A19103F-16F7-4668-BE54-9A1E7A4F7556}") = "GulDiyet.Infrastructure.Persistence", "GulDiyet.Infrastructure.Persistence\GulDiyet.Infrastructure.Persistence.csproj", "{C1F949EA-D9F2-41C3-AC4D-A398B09B5D94}"
EndProject
Global
	GlobalSection(SolutionConfigurationPlatforms) = preSolution
		Debug|Any CPU = Debug|Any CPU
		Release|Any CPU = Release|Any CPU
	EndGlobalSection
	GlobalSection(ProjectConfigurationPlatforms) = postSolution
		{DB4424FB-7A36-4C14-8B22-291F6C2A691D}.Debug|Any CPU.ActiveCfg = Debug|Any CPU
		{DB4424FB-7A36-4C14-8B22-291F6C2A691D}.Debug|Any CPU.Build.0 = Debug|Any CPU
		{DB4424FB-7A36-4C14-8B22-291F6C2A691D}.Release|Any CPU.ActiveCfg = Release|Any CPU
		{DB4424FB-7A36-4C14-8B22-291F6C2A691D}.Release|Any CPU.Build.0 = Release|Any CPU
		{A3B1519D-04BA-48A4-ABC5-DA59803934E3}.Debug|Any CPU.ActiveCfg = Debug|Any CPU
		{A3B1519D-04BA-48A4-ABC5-DA59803934E3}.Debug|Any CPU.Build.0 = Debug|Any CPU
		{A3B1519D-04BA-48A4-ABC5-DA59803934E3}.Release|Any CPU.ActiveCfg = Release|Any CPU
		{A3B1519D-04BA-48A4-ABC5-DA59803934E3}.Release|Any CPU.Build.0 = Release|Any CPU
		{9F8794F2-7ECC-4B97-82A1-BFAAD4A30A76}.Debug|Any CPU.ActiveCfg = Debug|Any CPU
		{9F8794F2-7ECC-4B97-82A1-BFAAD4A30A76}.Debug|Any CPU.Build.0 = Debug|Any CPU
		{9F8794F2-7ECC-4B97-82A1-BFAAD4A30A76}.Release|Any CPU.ActiveCfg = Release|Any CPU
		{9F8794F2-7ECC-4B97-82A1-BFAAD4A30A76}.Release|Any CPU.Build.0 = Release|Any CPU
		{C1F949EA-D9F2-41C3-AC4D-A398B09B5D94}.Debug|Any CPU.ActiveCfg = Debug|Any CPU
		{C1F949EA-D9F2-41C3-AC4D-A398B09B5D94}.Debug|Any CPU.Build.0 = Debug|Any CPU
		{C1F949EA-D9F2-41C3-AC4D-A398B09B5D94}.Release|Any CPU.ActiveCfg = Release|Any CPU
		{C1F949EA-D9F2-41C3-AC4D-A398B09B5D94}.Release|Any CPU.Build.0 = Release|Any CPU
	EndGlobalSection
	GlobalSection(SolutionProperties) = preSolution
		HideSolutionNode = FALSE
	EndGlobalSection
	GlobalSection(ExtensibilityGlobals) = postSolution
		SolutionGuid = {CA72A96D-7EA7-41CC-A5F8-803179C8545A}
	EndGlobalSection
EndGlobal
